{
  "name": "ebooks-cc",
  "version": "1.0.0",
  "lockfileVersion": 3,
  "requires": true,
  "packages": {
    "": {
      "name": "ebooks-cc",
      "version": "1.0.0",
      "devDependencies": {
        "codifylab-config": "^1.0.0",
        "prettier": "^3.9.0"
      }
    },
    "node_modules/codifylab-config": {
      "version": "1.0.0",
      "resolved": "https://registry.npmjs.org/codifylab-config/-/codifylab-config-1.0.0.tgz",
      "integrity": "sha512-HBvAQl10WBruhPGf2cPtqm/PZ+MOTIfN291uLBepvMYcJSuhZ4KTsvd+ugUolZ4YTrHJFs6xqn22cFc5DVzSew==",
      "dev": true,
      "peerDependencies": {
        "eslint": "^9.0.0",
        "eslint-config-next": "^16.0.0",
        "eslint-config-prettier": "^10.0.0",
        "prettier": "^3.9.0",
        "prettier-plugin-tailwindcss": "^0.8.0",
        "typescript": "^5.9.0"
      }
    },
    "node_modules/prettier": {
      "version": "3.9.6",
      "resolved": "https://registry.npmjs.org/prettier/-/prettier-3.9.6.tgz",
      "integrity": "sha512-OpN0zzVdiaiAhxpuuj5efpIS4sY9j7bY6uR5mnj5yPzGkdkjNKSJeUThPb60Jw29QuAZgA4o+/iB49kFiaBX6g==",
      "dev": true,
      "license": "MIT",
      "bin": {
        "prettier": "bin/prettier.cjs"
      },
      "engines": {
        "node": ">=14"
      },
      "funding": {
        "url": "https://github.com/prettier/prettier?sponsor=1"
      }
    }
  }
}
